// !$*UTF8*$!
{
	archiveVersion = 1;
	classes = {
	};
	objectVersion = 56;
	objects = {

/* Begin PBXBuildFile section */
		5D81C43A2A4EB88B0075F0C9 /* Stopwatch.swift in Sources */ = {isa = PBXBuildFile; fileRef = 5D81C4392A4EB88B0075F0C9 /* Stopwatch.swift */; };
		5D81C43C2A5063090075F0C9 /* TickedCircle.swift in Sources */ = {isa = PBXBuildFile; fileRef = 5D81C43B2A5063090075F0C9 /* TickedCircle.swift */; };
		5D81C43E2A5066BF0075F0C9 /* RactangularClockTick.swift in Sources */ = {isa = PBXBuildFile; fileRef = 5D81C43D2A5066BF0075F0C9 /* RactangularClockTick.swift */; };
		5D81C4402A506E430075F0C9 /* Clock.swift in Sources */ = {isa = PBXBuildFile; fileRef = 5D81C43F2A506E430075F0C9 /* Clock.swift */; };
		5D81C4422A50C0B80075F0C9 /* Indicator.swift in Sources */ = {isa = PBXBuildFile; fileRef = 5D81C4412A50C0B80075F0C9 /* Indicator.swift */; };
		5D81C4452A5C6FDF0075F0C9 /* ModelData.swift in Sources */ = {isa = PBXBuildFile; fileRef = 5D81C4442A5C6FDE0075F0C9 /* ModelData.swift */; };
		5D81C4472A5C70450075F0C9 /* NamedDuration.swift in Sources */ = {isa = PBXBuildFile; fileRef = 5D81C4462A5C70450075F0C9 /* NamedDuration.swift */; };
		5DD3FA702A3BA2B400B77A62 /* StopwatchApp.swift in Sources */ = {isa = PBXBuildFile; fileRef = 5DD3FA6F2A3BA2B400B77A62 /* StopwatchApp.swift */; };
		5DD3FA722A3BA2B400B77A62 /* ContentView.swift in Sources */ = {isa = PBXBuildFile; fileRef = 5DD3FA712A3BA2B400B77A62 /* ContentView.swift */; };
		5DD3FA742A3BA2B700B77A62 /* Assets.xcassets in Resources */ = {isa = PBXBuildFile; fileRef = 5DD3FA732A3BA2B700B77A62 /* Assets.xcassets */; };
		5DD3FA772A3BA2B700B77A62 /* Preview Assets.xcassets in Resources */ = {isa = PBXBuildFile; fileRef = 5DD3FA762A3BA2B700B77A62 /* Preview Assets.xcassets */; };
		5DD3FA812A3BA2B800B77A62 /* StopwatchTests.swift in Sources */ = {isa = PBXBuildFile; fileRef = 5DD3FA802A3BA2B800B77A62 /* StopwatchTests.swift */; };
		5DD3FA8B2A3BA2B800B77A62 /* StopwatchUITests.swift in Sources */ = {isa = PBXBuildFile; fileRef = 5DD3FA8A2A3BA2B800B77A62 /* StopwatchUITests.swift */; };
		5DD3FA8D2A3BA2B800B77A62 /* StopwatchUITestsLaunchTests.swift in Sources */ = {isa = PBXBuildFile; fileRef = 5DD3FA8C2A3BA2B800B77A62 /* StopwatchUITestsLaunchTests.swift */; };
/* End PBXBuildFile section */

/* Begin PBXContainerItemProxy section */
		5DD3FA7D2A3BA2B800B77A62 /* PBXContainerItemProxy */ = {
			isa = PBXContainerItemProxy;
			containerPortal = 5DD3FA642A3BA2B400B77A62 /* Project object */;
			proxyType = 1;
			remoteGlobalIDString = 5DD3FA6B2A3BA2B400B77A62;
			remoteInfo = Stopwatch;
		};
		5DD3FA872A3BA2B800B77A62 /* PBXContainerItemProxy */ = {
			isa = PBXContainerItemProxy;
			containerPortal = 5DD3FA642A3BA2B400B77A62 /* Project object */;
			proxyType = 1;
			remoteGlobalIDString = 5DD3FA6B2A3BA2B400B77A62;
			remoteInfo = Stopwatch;
		};
/* End PBXContainerItemProxy section */

/* Begin PBXFileReference section */
		5D81C4392A4EB88B0075F0C9 /* Stopwatch.swift */ = {isa = PBXFileReference; lastKnownFileType = sourcecode.swift; path = Stopwatch.swift; sourceTree = "<group>"; };
		5D81C43B2A5063090075F0C9 /* TickedCircle.swift */ = {isa = PBXFileReference; lastKnownFileType = sourcecode.swift; path = TickedCircle.swift; sourceTree = "<group>"; };
		5D81C43D2A5066BF0075F0C9 /* RactangularClockTick.swift */ = {isa = PBXFileReference; lastKnownFileType = sourcecode.swift; path = RactangularClockTick.swift; sourceTree = "<group>"; };
		5D81C43F2A506E430075F0C9 /* Clock.swift */ = {isa = PBXFileReference; lastKnownFileType = sourcecode.swift; path = Clock.swift; sourceTree = "<group>"; };
		5D81C4412A50C0B80075F0C9 /* Indicator.swift */ = {isa = PBXFileReference; lastKnownFileType = sourcecode.swift; path = Indicator.swift; sourceTree = "<group>"; };
		5D81C4442A5C6FDE0075F0C9 /* ModelData.swift */ = {isa = PBXFileReference; lastKnownFileType = sourcecode.swift; path = ModelData.swift; sourceTree = "<group>"; };
		5D81C4462A5C70450075F0C9 /* NamedDuration.swift */ = {isa = PBXFileReference; lastKnownFileType = sourcecode.swift; path = NamedDuration.swift; sourceTree = "<group>"; };
		5DD3FA6C2A3BA2B400B77A62 /* Stopwatch.app */ = {isa = PBXFileReference; explicitFileType = wrapper.application; includeInIndex = 0; path = Stopwatch.app; sourceTree = BUILT_PRODUCTS_DIR; };
		5DD3FA6F2A3BA2B400B77A62 /* StopwatchApp.swift */ = {isa = PBXFileReference; lastKnownFileType = sourcecode.swift; path = StopwatchApp.swift; sourceTree = "<group>"; };
		5DD3FA712A3BA2B400B77A62 /* ContentView.swift */ = {isa = PBXFileReference; lastKnownFileType = sourcecode.swift; path = ContentView.swift; sourceTree = "<group>"; };
		5DD3FA732A3BA2B700B77A62 /* Assets.xcassets */ = {isa = PBXFileReference; lastKnownFileType = folder.assetcatalog; path = Assets.xcassets; sourceTree = "<group>"; };
		5DD3FA762A3BA2B700B77A62 /* Preview Assets.xcassets */ = {isa = PBXFileReference; lastKnownFileType = folder.assetcatalog; path = "Preview Assets.xcassets"; sourceTree = "<group>"; };
		5DD3FA7C2A3BA2B800B77A62 /* StopwatchTests.xctest */ = {isa = PBXFileReference; explicitFileType = wrapper.cfbundle; includeInIndex = 0; path = StopwatchTests.xctest; sourceTree = BUILT_PRODUCTS_DIR; };
		5DD3FA802A3BA2B800B77A62 /* StopwatchTests.swift */ = {isa = PBXFileReference; lastKnownFileType = sourcecode.swift; path = StopwatchTests.swift; sourceTree = "<group>"; };
		5DD3FA862A3BA2B800B77A62 /* StopwatchUITests.xctest */ = {isa = PBXFileReference; explicitFileType = wrapper.cfbundle; includeInIndex = 0; path = StopwatchUITests.xctest; sourceTree = BUILT_PRODUCTS_DIR; };
		5DD3FA8A2A3BA2B800B77A62 /* StopwatchUITests.swift */ = {isa = PBXFileReference; lastKnownFileType = sourcecode.swift; path = StopwatchUITests.swift; sourceTree = "<group>"; };
		5DD3FA8C2A3BA2B800B77A62 /* StopwatchUITestsLaunchTests.swift */ = {isa = PBXFileReference; lastKnownFileType = sourcecode.swift; path = StopwatchUITestsLaunchTests.swift; sourceTree = "<group>"; };
/* End PBXFileReference section */

/* Begin PBXFrameworksBuildPhase section */
		5DD3FA692A3BA2B400B77A62 /* Frameworks */ = {
			isa = PBXFrameworksBuildPhase;
			buildActionMask = 2147483647;
			files = (
			);
			runOnlyForDeploymentPostprocessing = 0;
		};
		5DD3FA792A3BA2B800B77A62 /* Frameworks */ = {
			isa = PBXFrameworksBuildPhase;
			buildActionMask = 2147483647;
			files = (
			);
			runOnlyForDeploymentPostprocessing = 0;
		};
		5DD3FA832A3BA2B800B77A62 /* Frameworks */ = {
			isa = PBXFrameworksBuildPhase;
			buildActionMask = 2147483647;
			files = (
			);
			runOnlyForDeploymentPostprocessing = 0;
		};
/* End PBXFrameworksBuildPhase section */

/* Begin PBXGroup section */
		5D81C4382A4EB8780075F0C9 /* View */ = {
			isa = PBXGroup;
			children = (
				5DD3FA712A3BA2B400B77A62 /* ContentView.swift */,
				5D81C4392A4EB88B0075F0C9 /* Stopwatch.swift */,
				5D81C43B2A5063090075F0C9 /* TickedCircle.swift */,
				5D81C43D2A5066BF0075F0C9 /* RactangularClockTick.swift */,
				5D81C43F2A506E430075F0C9 /* Clock.swift */,
				5D81C4412A50C0B80075F0C9 /* Indicator.swift */,
			);
			path = View;
			sourceTree = "<group>";
		};
		5D81C4432A5153F10075F0C9 /* Model */ = {
			isa = PBXGroup;
			children = (
				5D81C4442A5C6FDE0075F0C9 /* ModelData.swift */,
				5D81C4462A5C70450075F0C9 /* NamedDuration.swift */,
			);
			path = Model;
			sourceTree = "<group>";
		};
		5DD3FA632A3BA2B400B77A62 = {
			isa = PBXGroup;
			children = (
				5DD3FA6E2A3BA2B400B77A62 /* Stopwatch */,
				5DD3FA7F2A3BA2B800B77A62 /* StopwatchTests */,
				5DD3FA892A3BA2B800B77A62 /* StopwatchUITests */,
				5DD3FA6D2A3BA2B400B77A62 /* Products */,
			);
			sourceTree = "<group>";
		};
		5DD3FA6D2A3BA2B400B77A62 /* Products */ = {
			isa = PBXGroup;
			children = (
				5DD3FA6C2A3BA2B400B77A62 /* Stopwatch.app */,
				5DD3FA7C2A3BA2B800B77A62 /* StopwatchTests.xctest */,
				5DD3FA862A3BA2B800B77A62 /* StopwatchUITests.xctest */,
			);
			name = Products;
			sourceTree = "<group>";
		};
		5DD3FA6E2A3BA2B400B77A62 /* Stopwatch */ = {
			isa = PBXGroup;
			children = (
				5D81C4432A5153F10075F0C9 /* Model */,
				5D81C4382A4EB8780075F0C9 /* View */,
				5DD3FA6F2A3BA2B400B77A62 /* StopwatchApp.swift */,
				5DD3FA732A3BA2B700B77A62 /* Assets.xcassets */,
				5DD3FA752A3BA2B700B77A62 /* Preview Content */,
			);
			path = Stopwatch;
			sourceTree = "<group>";
		};
		5DD3FA752A3BA2B700B77A62 /* Preview Content */ = {
			isa = PBXGroup;
			children = (
				5DD3FA762A3BA2B700B77A62 /* Preview Assets.xcassets */,
			);
			path = "Preview Content";
			sourceTree = "<group>";
		};
		5DD3FA7F2A3BA2B800B77A62 /* StopwatchTests */ = {
			isa = PBXGroup;
			children = (
				5DD3FA802A3BA2B800B77A62 /* StopwatchTests.swift */,
			);
			path = StopwatchTests;
			sourceTree = "<group>";
		};
		5DD3FA892A3BA2B800B77A62 /* StopwatchUITests */ = {
			isa = PBXGroup;
			children = (
				5DD3FA8A2A3BA2B800B77A62 /* StopwatchUITests.swift */,
				5DD3FA8C2A3BA2B800B77A62 /* StopwatchUITestsLaunchTests.swift */,
			);
			path = StopwatchUITests;
			sourceTree = "<group>";
		};
/* End PBXGroup section */

/* Begin PBXNativeTarget section */
		5DD3FA6B2A3BA2B400B77A62 /* Stopwatch */ = {
			isa = PBXNativeTarget;
			buildConfigurationList = 5DD3FA902A3BA2B800B77A62 /* Build configuration list for PBXNativeTarget "Stopwatch" */;
			buildPhases = (
				5DD3FA682A3BA2B400B77A62 /* Sources */,
				5DD3FA692A3BA2B400B77A62 /* Frameworks */,
				5DD3FA6A2A3BA2B400B77A62 /* Resources */,
			);
			buildRules = (
			);
			dependencies = (
			);
			name = Stopwatch;
			productName = Stopwatch;
			productReference = 5DD3FA6C2A3BA2B400B77A62 /* Stopwatch.app */;
			productType = "com.apple.product-type.application";
		};
		5DD3FA7B2A3BA2B800B77A62 /* StopwatchTests */ = {
			isa = PBXNativeTarget;
			buildConfigurationList = 5DD3FA932A3BA2B800B77A62 /* Build configuration list for PBXNativeTarget "StopwatchTests" */;
			buildPhases = (
				5DD3FA782A3BA2B800B77A62 /* Sources */,
				5DD3FA792A3BA2B800B77A62 /* Frameworks */,
				5DD3FA7A2A3BA2B800B77A62 /* Resources */,
			);
			buildRules = (
			);
			dependencies = (
				5DD3FA7E2A3BA2B800B77A62 /* PBXTargetDependency */,
			);
			name = StopwatchTests;
			productName = StopwatchTests;
			productReference = 5DD3FA7C2A3BA2B800B77A62 /* StopwatchTests.xctest */;
			productType = "com.apple.product-type.bundle.unit-test";
		};
		5DD3FA852A3BA2B800B77A62 /* StopwatchUITests */ = {
			isa = PBXNativeTarget;
			buildConfigurationList = 5DD3FA962A3BA2B800B77A62 /* Build configuration list for PBXNativeTarget "StopwatchUITests" */;
			buildPhases = (
				5DD3FA822A3BA2B800B77A62 /* Sources */,
				5DD3FA832A3BA2B800B77A62 /* Frameworks */,
				5DD3FA842A3BA2B800B77A62 /* Resources */,
			);
			buildRules = (
			);
			dependencies = (
				5DD3FA882A3BA2B800B77A62 /* PBXTargetDependency */,
			);
			name = StopwatchUITests;
			productName = StopwatchUITests;
			productReference = 5DD3FA862A3BA2B800B77A62 /* StopwatchUITests.xctest */;
			productType = "com.apple.product-type.bundle.ui-testing";
		};
/* End PBXNativeTarget section */

/* Begin PBXProject section */
		5DD3FA642A3BA2B400B77A62 /* Project object */ = {
			isa = PBXProject;
			attributes = {
				BuildIndependentTargetsInParallel = 1;
				LastSwiftUpdateCheck = 1430;
				LastUpgradeCheck = 1430;
				TargetAttributes = {
					5DD3FA6B2A3BA2B400B77A62 = {
						CreatedOnToolsVersion = 14.3.1;
					};
					5DD3FA7B2A3BA2B800B77A62 = {
						CreatedOnToolsVersion = 14.3.1;
						TestTargetID = 5DD3FA6B2A3BA2B400B77A62;
					};
					5DD3FA852A3BA2B800B77A62 = {
						CreatedOnToolsVersion = 14.3.1;
						TestTargetID = 5DD3FA6B2A3BA2B400B77A62;
					};
				};
			};
			buildConfigurationList = 5DD3FA672A3BA2B400B77A62 /* Build configuration list for PBXProject "Stopwatch" */;
			compatibilityVersion = "Xcode 14.0";
			developmentRegion = en;
			hasScannedForEncodings = 0;
			knownRegions = (
				en,
				Base,
			);
			mainGroup = 5DD3FA632A3BA2B400B77A62;
			productRefGroup = 5DD3FA6D2A3BA2B400B77A62 /* Products */;
			projectDirPath = "";
			projectRoot = "";
			targets = (
				5DD3FA6B2A3BA2B400B77A62 /* Stopwatch */,
				5DD3FA7B2A3BA2B800B77A62 /* StopwatchTests */,
				5DD3FA852A3BA2B800B77A62 /* StopwatchUITests */,
			);
		};
/* End PBXProject section */

/* Begin PBXResourcesBuildPhase section */
		5DD3FA6A2A3BA2B400B77A62 /* Resources */ = {
			isa = PBXResourcesBuildPhase;
			buildActionMask = 2147483647;
			files = (
				5DD3FA772A3BA2B700B77A62 /* Preview Assets.xcassets in Resources */,
				5DD3FA742A3BA2B700B77A62 /* Assets.xcassets in Resources */,
			);
			runOnlyForDeploymentPostprocessing = 0;
		};
		5DD3FA7A2A3BA2B800B77A62 /* Resources */ = {
			isa = PBXResourcesBuildPhase;
			buildActionMask = 2147483647;
			files = (
			);
			runOnlyForDeploymentPostprocessing = 0;
		};
		5DD3FA842A3BA2B800B77A62 /* Resources */ = {
			isa = PBXResourcesBuildPhase;
			buildActionMask = 2147483647;
			files = (
			);
			runOnlyForDeploymentPostprocessing = 0;
		};
/* End PBXResourcesBuildPhase section */

/* Begin PBXSourcesBuildPhase section */
		5DD3FA682A3BA2B400B77A62 /* Sources */ = {
			isa = PBXSourcesBuildPhase;
			buildActionMask = 2147483647;
			files = (
				5D81C4402A506E430075F0C9 /* Clock.swift in Sources */,
				5D81C4472A5C70450075F0C9 /* NamedDuration.swift in Sources */,
				5D81C4422A50C0B80075F0C9 /* Indicator.swift in Sources */,
				5DD3FA722A3BA2B400B77A62 /* ContentView.swift in Sources */,
				5D81C43A2A4EB88B0075F0C9 /* Stopwatch.swift in Sources */,
				5D81C43E2A5066BF0075F0C9 /* RactangularClockTick.swift in Sources */,
				5D81C4452A5C6FDF0075F0C9 /* ModelData.swift in Sources */,
				5DD3FA702A3BA2B400B77A62 /* StopwatchApp.swift in Sources */,
				5D81C43C2A5063090075F0C9 /* TickedCircle.swift in Sources */,
			);
			runOnlyForDeploymentPostprocessing = 0;
		};
		5DD3FA782A3BA2B800B77A62 /* Sources */ = {
			isa = PBXSourcesBuildPhase;
			buildActionMask = 2147483647;
			files = (
				5DD3FA812A3BA2B800B77A62 /* StopwatchTests.swift in Sources */,
			);
			runOnlyForDeploymentPostprocessing = 0;
		};
		5DD3FA822A3BA2B800B77A62 /* Sources */ = {
			isa = PBXSourcesBuildPhase;
			buildActionMask = 2147483647;
			files = (
				5DD3FA8D2A3BA2B800B77A62 /* StopwatchUITestsLaunchTests.swift in Sources */,
				5DD3FA8B2A3BA2B800B77A62 /* StopwatchUITests.swift in Sources */,
			);
			runOnlyForDeploymentPostprocessing = 0;
		};
/* End PBXSourcesBuildPhase section */

/* Begin PBXTargetDependency section */
		5DD3FA7E2A3BA2B800B77A62 /* PBXTargetDependency */ = {
			isa = PBXTargetDependency;
			target = 5DD3FA6B2A3BA2B400B77A62 /* Stopwatch */;
			targetProxy = 5DD3FA7D2A3BA2B800B77A62 /* PBXContainerItemProxy */;
		};
		5DD3FA882A3BA2B800B77A62 /* PBXTargetDependency */ = {
			isa = PBXTargetDependency;
			target = 5DD3FA6B2A3BA2B400B77A62 /* Stopwatch */;
			targetProxy = 5DD3FA872A3BA2B800B77A62 /* PBXContainerItemProxy */;
		};
/* End PBXTargetDependency section */

/* Begin XCBuildConfiguration section */
		5DD3FA8E2A3BA2B800B77A62 /* Debug */ = {
			isa = XCBuildConfiguration;
			buildSettings = {
				ALWAYS_SEARCH_USER_PATHS = NO;
				CLANG_ANALYZER_NONNULL = YES;
				CLANG_ANALYZER_NUMBER_OBJECT_CONVERSION = YES_AGGRESSIVE;
				CLANG_CXX_LANGUAGE_STANDARD = "gnu++20";
				CLANG_ENABLE_MODULES = YES;
				CLANG_ENABLE_OBJC_ARC = YES;
				CLANG_ENABLE_OBJC_WEAK = YES;
				CLANG_WARN_BLOCK_CAPTURE_AUTORELEASING = YES;
				CLANG_WARN_BOOL_CONVERSION = YES;
				CLANG_WARN_COMMA = YES;
				CLANG_WARN_CONSTANT_CONVERSION = YES;
				CLANG_WARN_DEPRECATED_OBJC_IMPLEMENTATIONS = YES;
				CLANG_WARN_DIRECT_OBJC_ISA_USAGE = YES_ERROR;
				CLANG_WARN_DOCUMENTATION_COMMENTS = YES;
				CLANG_WARN_EMPTY_BODY = YES;
				CLANG_WARN_ENUM_CONVERSION = YES;
				CLANG_WARN_INFINITE_RECURSION = YES;
				CLANG_WARN_INT_CONVERSION = YES;
				CLANG_WARN_NON_LITERAL_NULL_CONVERSION = YES;
				CLANG_WARN_OBJC_IMPLICIT_RETAIN_SELF = YES;
				CLANG_WARN_OBJC_LITERAL_CONVERSION = YES;
				CLANG_WARN_OBJC_ROOT_CLASS = YES_ERROR;
				CLANG_WARN_QUOTED_INCLUDE_IN_FRAMEWORK_HEADER = YES;
				CLANG_WARN_RANGE_LOOP_ANALYSIS = YES;
				CLANG_WARN_STRICT_PROTOTYPES = YES;
				CLANG_WARN_SUSPICIOUS_MOVE = YES;
				CLANG_WARN_UNGUARDED_AVAILABILITY = YES_AGGRESSIVE;
				CLANG_WARN_UNREACHABLE_CODE = YES;
				CLANG_WARN__DUPLICATE_METHOD_MATCH = YES;
				COPY_PHASE_STRIP = NO;
				DEBUG_INFORMATION_FORMAT = dwarf;
				ENABLE_STRICT_OBJC_MSGSEND = YES;
				ENABLE_TESTABILITY = YES;
				GCC_C_LANGUAGE_STANDARD = gnu11;
				GCC_DYNAMIC_NO_PIC = NO;
				GCC_NO_COMMON_BLOCKS = YES;
				GCC_OPTIMIZATION_LEVEL = 0;
				GCC_PREPROCESSOR_DEFINITIONS = (
					"DEBUG=1",
					"$(inherited)",
				);
				GCC_WARN_64_TO_32_BIT_CONVERSION = YES;
				GCC_WARN_ABOUT_RETURN_TYPE = YES_ERROR;
				GCC_WARN_UNDECLARED_SELECTOR = YES;
				GCC_WARN_UNINITIALIZED_AUTOS = YES_AGGRESSIVE;
				GCC_WARN_UNUSED_FUNCTION = YES;
				GCC_WARN_UNUSED_VARIABLE = YES;
				IPHONEOS_DEPLOYMENT_TARGET = 16.4;
				MTL_ENABLE_DEBUG_INFO = INCLUDE_SOURCE;
				MTL_FAST_MATH = YES;
				ONLY_ACTIVE_ARCH = YES;
				SDKROOT = iphoneos;
				SWIFT_ACTIVE_COMPILATION_CONDITIONS = DEBUG;
				SWIFT_OPTIMIZATION_LEVEL = "-Onone";
			};
			name = Debug;
		};
		5DD3FA8F2A3BA2B800B77A62 /* Release */ = {
			isa = XCBuildConfiguration;
			buildSettings = {
				ALWAYS_SEARCH_USER_PATHS = NO;
				CLANG_ANALYZER_NONNULL = YES;
				CLANG_ANALYZER_NUMBER_OBJECT_CONVERSION = YES_AGGRESSIVE;
				CLANG_CXX_LANGUAGE_STANDARD = "gnu++20";
				CLANG_ENABLE_MODULES = YES;
				CLANG_ENABLE_OBJC_ARC = YES;
				CLANG_ENABLE_OBJC_WEAK = YES;
				CLANG_WARN_BLOCK_CAPTURE_AUTORELEASING = YES;
				CLANG_WARN_BOOL_CONVERSION = YES;
				CLANG_WARN_COMMA = YES;
				CLANG_WARN_CONSTANT_CONVERSION = YES;
				CLANG_WARN_DEPRECATED_OBJC_IMPLEMENTATIONS = YES;
				CLANG_WARN_DIRECT_OBJC_ISA_USAGE = YES_ERROR;
				CLANG_WARN_DOCUMENTATION_COMMENTS = YES;
				CLANG_WARN_EMPTY_BODY = YES;
				CLANG_WARN_ENUM_CONVERSION = YES;
				CLANG_WARN_INFINITE_RECURSION = YES;
				CLANG_WARN_INT_CONVERSION = YES;
				CLANG_WARN_NON_LITERAL_NULL_CONVERSION = YES;
				CLANG_WARN_OBJC_IMPLICIT_RETAIN_SELF = YES;
				CLANG_WARN_OBJC_LITERAL_CONVERSION = YES;
				CLANG_WARN_OBJC_ROOT_CLASS = YES_ERROR;
				CLANG_WARN_QUOTED_INCLUDE_IN_FRAMEWORK_HEADER = YES;
				CLANG_WARN_RANGE_LOOP_ANALYSIS = YES;
				CLANG_WARN_STRICT_PROTOTYPES = YES;
				CLANG_WARN_SUSPICIOUS_MOVE = YES;
				CLANG_WARN_UNGUARDED_AVAILABILITY = YES_AGGRESSIVE;
				CLANG_WARN_UNREACHABLE_CODE = YES;
				CLANG_WARN__DUPLICATE_METHOD_MATCH = YES;
				COPY_PHASE_STRIP = NO;
				DEBUG_INFORMATION_FORMAT = "dwarf-with-dsym";
				ENABLE_NS_ASSERTIONS = NO;
				ENABLE_STRICT_OBJC_MSGSEND = YES;
				GCC_C_LANGUAGE_STANDARD = gnu11;
				GCC_NO_COMMON_BLOCKS = YES;
				GCC_WARN_64_TO_32_BIT_CONVERSION = YES;
				GCC_WARN_ABOUT_RETURN_TYPE = YES_ERROR;
				GCC_WARN_UNDECLARED_SELECTOR = YES;
				GCC_WARN_UNINITIALIZED_AUTOS = YES_AGGRESSIVE;
				GCC_WARN_UNUSED_FUNCTION = YES;
				GCC_WARN_UNUSED_VARIABLE = YES;
				IPHONEOS_DEPLOYMENT_TARGET = 16.4;
				MTL_ENABLE_DEBUG_INFO = NO;
				MTL_FAST_MATH = YES;
				SDKROOT = iphoneos;
				SWIFT_COMPILATION_MODE = wholemodule;
				SWIFT_OPTIMIZATION_LEVEL = "-O";
				VALIDATE_PRODUCT = YES;
			};
			name = Release;
		};
		5DD3FA912A3BA2B800B77A62 /* Debug */ = {
			isa = XCBuildConfiguration;
			buildSettings = {
				ASSETCATALOG_COMPILER_APPICON_NAME = AppIcon;
				ASSETCATALOG_COMPILER_GLOBAL_ACCENT_COLOR_NAME = AccentColor;
				CODE_SIGN_STYLE = Automatic;
				CURRENT_PROJECT_VERSION = 1;
				DEVELOPMENT_ASSET_PATHS = "\"Stopwatch/Preview Content\"";
				ENABLE_PREVIEWS = YES;
				GENERATE_INFOPLIST_FILE = YES;
				INFOPLIST_KEY_UIApplicationSceneManifest_Generation = YES;
				INFOPLIST_KEY_UIApplicationSupportsIndirectInputEvents = YES;
				INFOPLIST_KEY_UILaunchScreen_Generation = YES;
				INFOPLIST_KEY_UISupportedInterfaceOrientations_iPad = "UIInterfaceOrientationPortrait UIInterfaceOrientationPortraitUpsideDown UIInterfaceOrientationLandscapeLeft UIInterfaceOrientationLandscapeRight";
				INFOPLIST_KEY_UISupportedInterfaceOrientations_iPhone = "UIInterfaceOrientationPortrait UIInterfaceOrientationLandscapeLeft UIInterfaceOrientationLandscapeRight";
				LD_RUNPATH_SEARCH_PATHS = (
					"$(inherited)",
					"@executable_path/Frameworks",
				);
				MARKETING_VERSION = 1.0;
				PRODUCT_BUNDLE_IDENTIFIER = com.baneda.Stopwatch;
				PRODUCT_NAME = "$(TARGET_NAME)";
				SWIFT_EMIT_LOC_STRINGS = YES;
				SWIFT_VERSION = 5.0;
				TARGETED_DEVICE_FAMILY = "1,2";
			};
			name = Debug;
		};
		5DD3FA922A3BA2B800B77A62 /* Release */ = {
			isa = XCBuildConfiguration;
			buildSettings = {
				ASSETCATALOG_COMPILER_APPICON_NAME = AppIcon;
				ASSETCATALOG_COMPILER_GLOBAL_ACCENT_COLOR_NAME = AccentColor;
				CODE_SIGN_STYLE = Automatic;
				CURRENT_PROJECT_VERSION = 1;
				DEVELOPMENT_ASSET_PATHS = "\"Stopwatch/Preview Content\"";
				ENABLE_PREVIEWS = YES;
				GENERATE_INFOPLIST_FILE = YES;
				INFOPLIST_KEY_UIApplicationSceneManifest_Generation = YES;
				INFOPLIST_KEY_UIApplicationSupportsIndirectInputEvents = YES;
				INFOPLIST_KEY_UILaunchScreen_Generation = YES;
				INFOPLIST_KEY_UISupportedInterfaceOrientations_iPad = "UIInterfaceOrientationPortrait UIInterfaceOrientationPortraitUpsideDown UIInterfaceOrientationLandscapeLeft UIInterfaceOrientationLandscapeRight";
				INFOPLIST_KEY_UISupportedInterfaceOrientations_iPhone = "UIInterfaceOrientationPortrait UIInterfaceOrientationLandscapeLeft UIInterfaceOrientationLandscapeRight";
				LD_RUNPATH_SEARCH_PATHS = (
					"$(inherited)",
					"@executable_path/Frameworks",
				);
				MARKETING_VERSION = 1.0;
				PRODUCT_BUNDLE_IDENTIFIER = com.baneda.Stopwatch;
				PRODUCT_NAME = "$(TARGET_NAME)";
				SWIFT_EMIT_LOC_STRINGS = YES;
				SWIFT_VERSION = 5.0;
				TARGETED_DEVICE_FAMILY = "1,2";
			};
			name = Release;
		};
		5DD3FA942A3BA2B800B77A62 /* Debug */ = {
			isa = XCBuildConfiguration;
			buildSettings = {
				ALWAYS_EMBED_SWIFT_STANDARD_LIBRARIES = YES;
				BUNDLE_LOADER = "$(TEST_HOST)";
				CODE_SIGN_STYLE = Automatic;
				CURRENT_PROJECT_VERSION = 1;
				GENERATE_INFOPLIST_FILE = YES;
				IPHONEOS_DEPLOYMENT_TARGET = 16.4;
				MARKETING_VERSION = 1.0;
				PRODUCT_BUNDLE_IDENTIFIER = com.baneda.StopwatchTests;
				PRODUCT_NAME = "$(TARGET_NAME)";
				SWIFT_EMIT_LOC_STRINGS = NO;
				SWIFT_VERSION = 5.0;
				TARGETED_DEVICE_FAMILY = "1,2";
				TEST_HOST = "$(BUILT_PRODUCTS_DIR)/Stopwatch.app/$(BUNDLE_EXECUTABLE_FOLDER_PATH)/Stopwatch";
			};
			name = Debug;
		};
		5DD3FA952A3BA2B800B77A62 /* Release */ = {
			isa = XCBuildConfiguration;
			buildSettings = {
				ALWAYS_EMBED_SWIFT_STANDARD_LIBRARIES = YES;
				BUNDLE_LOADER = "$(TEST_HOST)";
				CODE_SIGN_STYLE = Automatic;
				CURRENT_PROJECT_VERSION = 1;
				GENERATE_INFOPLIST_FILE = YES;
				IPHONEOS_DEPLOYMENT_TARGET = 16.4;
				MARKETING_VERSION = 1.0;
				PRODUCT_BUNDLE_IDENTIFIER = com.baneda.StopwatchTests;
				PRODUCT_NAME = "$(TARGET_NAME)";
				SWIFT_EMIT_LOC_STRINGS = NO;
				SWIFT_VERSION = 5.0;
				TARGETED_DEVICE_FAMILY = "1,2";
				TEST_HOST = "$(BUILT_PRODUCTS_DIR)/Stopwatch.app/$(BUNDLE_EXECUTABLE_FOLDER_PATH)/Stopwatch";
			};
			name = Release;
		};
		5DD3FA972A3BA2B800B77A62 /* Debug */ = {
			isa = XCBuildConfiguration;
			buildSettings = {
				ALWAYS_EMBED_SWIFT_STANDARD_LIBRARIES = YES;
				CODE_SIGN_STYLE = Automatic;
				CURRENT_PROJECT_VERSION = 1;
				GENERATE_INFOPLIST_FILE = YES;
				MARKETING_VERSION = 1.0;
				PRODUCT_BUNDLE_IDENTIFIER = com.baneda.StopwatchUITests;
				PRODUCT_NAME = "$(TARGET_NAME)";
				SWIFT_EMIT_LOC_STRINGS = NO;
				SWIFT_VERSION = 5.0;
				TARGETED_DEVICE_FAMILY = "1,2";
				TEST_TARGET_NAME = Stopwatch;
			};
			name = Debug;
		};
		5DD3FA982A3BA2B800B77A62 /* Release */ = {
			isa = XCBuildConfiguration;
			buildSettings = {
				ALWAYS_EMBED_SWIFT_STANDARD_LIBRARIES = YES;
				CODE_SIGN_STYLE = Automatic;
				CURRENT_PROJECT_VERSION = 1;
				GENERATE_INFOPLIST_FILE = YES;
				MARKETING_VERSION = 1.0;
				PRODUCT_BUNDLE_IDENTIFIER = com.baneda.StopwatchUITests;
				PRODUCT_NAME = "$(TARGET_NAME)";
				SWIFT_EMIT_LOC_STRINGS = NO;
				SWIFT_VERSION = 5.0;
				TARGETED_DEVICE_FAMILY = "1,2";
				TEST_TARGET_NAME = Stopwatch;
			};
			name = Release;
		};
/* End XCBuildConfiguration section */

/* Begin XCConfigurationList section */
		5DD3FA672A3BA2B400B77A62 /* Build configuration list for PBXProject "Stopwatch" */ = {
			isa = XCConfigurationList;
			buildConfigurations = (
				5DD3FA8E2A3BA2B800B77A62 /* Debug */,
				5DD3FA8F2A3BA2B800B77A62 /* Release */,
			);
			defaultConfigurationIsVisible = 0;
			defaultConfigurationName = Release;
		};
		5DD3FA902A3BA2B800B77A62 /* Build configuration list for PBXNativeTarget "Stopwatch" */ = {
			isa = XCConfigurationList;
			buildConfigurations = (
				5DD3FA912A3BA2B800B77A62 /* Debug */,
				5DD3FA922A3BA2B800B77A62 /* Release */,
			);
			defaultConfigurationIsVisible = 0;
			defaultConfigurationName = Release;
		};
		5DD3FA932A3BA2B800B77A62 /* Build configuration list for PBXNativeTarget "StopwatchTests" */ = {
			isa = XCConfigurationList;
			buildConfigurations = (
				5DD3FA942A3BA2B800B77A62 /* Debug */,
				5DD3FA952A3BA2B800B77A62 /* Release */,
			);
			defaultConfigurationIsVisible = 0;
			defaultConfigurationName = Release;
		};
		5DD3FA962A3BA2B800B77A62 /* Build configuration list for PBXNativeTarget "StopwatchUITests" */ = {
			isa = XCConfigurationList;
			buildConfigurations = (
				5DD3FA972A3BA2B800B77A62 /* Debug */,
				5DD3FA982A3BA2B800B77A62 /* Release */,
			);
			defaultConfigurationIsVisible = 0;
			defaultConfigurationName = Release;
		};
/* End XCConfigurationList section */
	};
	rootObject = 5DD3FA642A3BA2B400B77A62 /* Project object */;
}
